
Microsoft Visual Studio Solution File, Format Version 12.00
# Visual Studio Version 17
VisualStudioVersion = 17.12.35527.113
MinimumVisualStudioVersion = 10.0.40219.1
Project("{FAE04EC0-301F-11D3-BF4B-00C04F79EFBC}") = "TerrariumStore.API", "TerrariumStore.API\TerrariumStore.API.csproj", "{AB42FF28-B812-4901-9915-1B3844CB20D8}"
EndProject
Project("{FAE04EC0-301F-11D3-BF4B-00C04F79EFBC}") = "TerrariumStore.Web", "TerrariumStore.Web\TerrariumStore.Web.csproj", "{FB760C59-A00C-4B94-A0B1-93ABAF97D039}"
EndProject
Global
	GlobalSection(SolutionConfigurationPlatforms) = preSolution
		Debug|Any CPU = Debug|Any CPU
		Release|Any CPU = Release|Any CPU
	EndGlobalSection
	GlobalSection(ProjectConfigurationPlatforms) = postSolution
		{AB42FF28-B812-4901-9915-1B3844CB20D8}.Debug|Any CPU.ActiveCfg = Debug|Any CPU
		{AB42FF28-B812-4901-9915-1B3844CB20D8}.Debug|Any CPU.Build.0 = Debug|Any CPU
		{AB42FF28-B812-4901-9915-1B3844CB20D8}.Release|Any CPU.ActiveCfg = Release|Any CPU
		{AB42FF28-B812-4901-9915-1B3844CB20D8}.Release|Any CPU.Build.0 = Release|Any CPU
		{FB760C59-A00C-4B94-A0B1-93ABAF97D039}.Debug|Any CPU.ActiveCfg = Debug|Any CPU
		{FB760C59-A00C-4B94-A0B1-93ABAF97D039}.Debug|Any CPU.Build.0 = Debug|Any CPU
		{FB760C59-A00C-4B94-A0B1-93ABAF97D039}.Release|Any CPU.ActiveCfg = Release|Any CPU
		{FB760C59-A00C-4B94-A0B1-93ABAF97D039}.Release|Any CPU.Build.0 = Release|Any CPU
	EndGlobalSection
	GlobalSection(SolutionProperties) = preSolution
		HideSolutionNode = FALSE
	EndGlobalSection
EndGlobal
